
Microsoft Visual Studio Solution File, Format Version 12.00
# Visual Studio 15
VisualStudioVersion = 15.0.28307.271
MinimumVisualStudioVersion = 10.0.40219.1
Project("{FAE04EC0-301F-11D3-BF4B-00C04F79EFBC}") = "DynamicWallpaper", "DynamicWallpaper\DynamicWallpaper.csproj", "{ABE946C9-BFA7-4C3F-8F2A-39A4A99C0635}"
EndProject
Global
	GlobalSection(SolutionConfigurationPlatforms) = preSolution
		Debug|Any CPU = Debug|Any CPU
		Release|Any CPU = Release|Any CPU
	EndGlobalSection
	GlobalSection(ProjectConfigurationPlatforms) = postSolution
		{ABE946C9-BFA7-4C3F-8F2A-39A4A99C0635}.Debug|Any CPU.ActiveCfg = Debug|Any CPU
		{ABE946C9-BFA7-4C3F-8F2A-39A4A99C0635}.Debug|Any CPU.Build.0 = Debug|Any CPU
		{ABE946C9-BFA7-4C3F-8F2A-39A4A99C0635}.Release|Any CPU.ActiveCfg = Release|Any CPU
		{ABE946C9-BFA7-4C3F-8F2A-39A4A99C0635}.Release|Any CPU.Build.0 = Release|Any CPU
	EndGlobalSection
	GlobalSection(SolutionProperties) = preSolution
		HideSolutionNode = FALSE
	EndGlobalSection
	GlobalSection(ExtensibilityGlobals) = postSolution
		SolutionGuid = {23CE61A6-F702-448D-9D4F-13B5BE560262}
	EndGlobalSection
EndGlobal
